// !$*UTF8*$!
{
	archiveVersion = 1;
	classes = {
	};
	objectVersion = 46;
	objects = {

/* Begin PBXBuildFile section */
		A753B55D1C2EE80B00FDB616 /* UnitTests.swift in Sources */ = {isa = PBXBuildFile; fileRef = A753B55C1C2EE80B00FDB616 /* UnitTests.swift */; };
		A753B55F1C2EE86700FDB616 /* TupleTests.swift in Sources */ = {isa = PBXBuildFile; fileRef = A753B55E1C2EE86700FDB616 /* TupleTests.swift */; };
		A753B5611C2EEA1400FDB616 /* OptionalTests.swift in Sources */ = {isa = PBXBuildFile; fileRef = A753B5601C2EEA1400FDB616 /* OptionalTests.swift */; };
		A75EFFE21C0E7B8E0002C7D2 /* Unit.swift in Sources */ = {isa = PBXBuildFile; fileRef = A75EFFE11C0E7B8E0002C7D2 /* Unit.swift */; };
		A75EFFE41C0E7BF40002C7D2 /* Empty.swift in Sources */ = {isa = PBXBuildFile; fileRef = A75EFFE31C0E7BF40002C7D2 /* Empty.swift */; };
		A76DDD531C29AEF60073B888 /* VectorTypeTest.swift in Sources */ = {isa = PBXBuildFile; fileRef = A76DDD521C29AEF60073B888 /* VectorTypeTest.swift */; };
		A7B60BE91BFBF44000B7B7ED /* Dictionary.swift in Sources */ = {isa = PBXBuildFile; fileRef = A7B60BE81BFBF44000B7B7ED /* Dictionary.swift */; };
		A7C510861C273D4700C59136 /* ArrayTest.swift in Sources */ = {isa = PBXBuildFile; fileRef = A7C510851C273D4700C59136 /* ArrayTest.swift */; };
		A7C510881C273FA600C59136 /* DictionaryTest.swift in Sources */ = {isa = PBXBuildFile; fileRef = A7C510871C273FA600C59136 /* DictionaryTest.swift */; };
		A7EFE1521C28B46900F4CFEB /* NumericType.swift in Sources */ = {isa = PBXBuildFile; fileRef = A7EFE1511C28B46900F4CFEB /* NumericType.swift */; };
		A7EFE1541C28B53D00F4CFEB /* VectorType.swift in Sources */ = {isa = PBXBuildFile; fileRef = A7EFE1531C28B53D00F4CFEB /* VectorType.swift */; };
		CA0923FC1BB6291900C9EC88 /* Prelude.h in Headers */ = {isa = PBXBuildFile; fileRef = CA0923FB1BB6291900C9EC88 /* Prelude.h */; settings = {ATTRIBUTES = (Public, ); }; };
		CA0924031BB6291900C9EC88 /* Prelude.framework in Frameworks */ = {isa = PBXBuildFile; fileRef = CA0923F81BB6291900C9EC88 /* Prelude.framework */; };
		CA0924081BB6291900C9EC88 /* FunctionTest.swift in Sources */ = {isa = PBXBuildFile; fileRef = CA0924071BB6291900C9EC88 /* FunctionTest.swift */; };
		CA0924371BB629BC00C9EC88 /* Function.swift in Sources */ = {isa = PBXBuildFile; fileRef = CA0924361BB629BC00C9EC88 /* Function.swift */; };
		CA3DFCD31BDFFB8000D30C27 /* Tuple.swift in Sources */ = {isa = PBXBuildFile; fileRef = CA3DFCD21BDFFB8000D30C27 /* Tuple.swift */; };
		CAC0795D1BBDBF8F00AFDBF0 /* Array.swift in Sources */ = {isa = PBXBuildFile; fileRef = CAC0795C1BBDBF8F00AFDBF0 /* Array.swift */; };
		CAC0795F1BBDC00200AFDBF0 /* Optional.swift in Sources */ = {isa = PBXBuildFile; fileRef = CAC0795E1BBDC00200AFDBF0 /* Optional.swift */; };
/* End PBXBuildFile section */

/* Begin PBXContainerItemProxy section */
		CA0924041BB6291900C9EC88 /* PBXContainerItemProxy */ = {
			isa = PBXContainerItemProxy;
			containerPortal = CA0923EF1BB6291800C9EC88 /* Project object */;
			proxyType = 1;
			remoteGlobalIDString = CA0923F71BB6291900C9EC88;
			remoteInfo = Prelude;
		};
/* End PBXContainerItemProxy section */

/* Begin PBXFileReference section */
		A753B55C1C2EE80B00FDB616 /* UnitTests.swift */ = {isa = PBXFileReference; fileEncoding = 4; lastKnownFileType = sourcecode.swift; path = UnitTests.swift; sourceTree = "<group>"; };
		A753B55E1C2EE86700FDB616 /* TupleTests.swift */ = {isa = PBXFileReference; fileEncoding = 4; lastKnownFileType = sourcecode.swift; path = TupleTests.swift; sourceTree = "<group>"; };
		A753B5601C2EEA1400FDB616 /* OptionalTests.swift */ = {isa = PBXFileReference; fileEncoding = 4; lastKnownFileType = sourcecode.swift; path = OptionalTests.swift; sourceTree = "<group>"; };
		A75EFFE11C0E7B8E0002C7D2 /* Unit.swift */ = {isa = PBXFileReference; fileEncoding = 4; lastKnownFileType = sourcecode.swift; path = Unit.swift; sourceTree = "<group>"; };
		A75EFFE31C0E7BF40002C7D2 /* Empty.swift */ = {isa = PBXFileReference; fileEncoding = 4; lastKnownFileType = sourcecode.swift; path = Empty.swift; sourceTree = "<group>"; };
		A76DDD521C29AEF60073B888 /* VectorTypeTest.swift */ = {isa = PBXFileReference; fileEncoding = 4; lastKnownFileType = sourcecode.swift; path = VectorTypeTest.swift; sourceTree = "<group>"; };
		A7B60BE81BFBF44000B7B7ED /* Dictionary.swift */ = {isa = PBXFileReference; fileEncoding = 4; lastKnownFileType = sourcecode.swift; path = Dictionary.swift; sourceTree = "<group>"; };
		A7C510851C273D4700C59136 /* ArrayTest.swift */ = {isa = PBXFileReference; fileEncoding = 4; lastKnownFileType = sourcecode.swift; path = ArrayTest.swift; sourceTree = "<group>"; };
		A7C510871C273FA600C59136 /* DictionaryTest.swift */ = {isa = PBXFileReference; fileEncoding = 4; lastKnownFileType = sourcecode.swift; path = DictionaryTest.swift; sourceTree = "<group>"; };
		A7EFE1511C28B46900F4CFEB /* NumericType.swift */ = {isa = PBXFileReference; fileEncoding = 4; lastKnownFileType = sourcecode.swift; path = NumericType.swift; sourceTree = "<group>"; };
		A7EFE1531C28B53D00F4CFEB /* VectorType.swift */ = {isa = PBXFileReference; fileEncoding = 4; lastKnownFileType = sourcecode.swift; path = VectorType.swift; sourceTree = "<group>"; };
		CA0923F81BB6291900C9EC88 /* Prelude.framework */ = {isa = PBXFileReference; explicitFileType = wrapper.framework; includeInIndex = 0; path = Prelude.framework; sourceTree = BUILT_PRODUCTS_DIR; };
		CA0923FB1BB6291900C9EC88 /* Prelude.h */ = {isa = PBXFileReference; lastKnownFileType = sourcecode.c.h; path = Prelude.h; sourceTree = "<group>"; };
		CA0923FD1BB6291900C9EC88 /* Info.plist */ = {isa = PBXFileReference; lastKnownFileType = text.plist.xml; path = Info.plist; sourceTree = "<group>"; };
		CA0924021BB6291900C9EC88 /* PreludeTests.xctest */ = {isa = PBXFileReference; explicitFileType = wrapper.cfbundle; includeInIndex = 0; path = PreludeTests.xctest; sourceTree = BUILT_PRODUCTS_DIR; };
		CA0924071BB6291900C9EC88 /* FunctionTest.swift */ = {isa = PBXFileReference; lastKnownFileType = sourcecode.swift; path = FunctionTest.swift; sourceTree = "<group>"; };
		CA0924091BB6291900C9EC88 /* Info.plist */ = {isa = PBXFileReference; lastKnownFileType = text.plist.xml; path = Info.plist; sourceTree = "<group>"; };
		CA0924361BB629BC00C9EC88 /* Function.swift */ = {isa = PBXFileReference; fileEncoding = 4; lastKnownFileType = sourcecode.swift; path = Function.swift; sourceTree = "<group>"; };
		CA3DFCD21BDFFB8000D30C27 /* Tuple.swift */ = {isa = PBXFileReference; fileEncoding = 4; lastKnownFileType = sourcecode.swift; path = Tuple.swift; sourceTree = "<group>"; };
		CAC0795C1BBDBF8F00AFDBF0 /* Array.swift */ = {isa = PBXFileReference; fileEncoding = 4; lastKnownFileType = sourcecode.swift; path = Array.swift; sourceTree = "<group>"; };
		CAC0795E1BBDC00200AFDBF0 /* Optional.swift */ = {isa = PBXFileReference; fileEncoding = 4; lastKnownFileType = sourcecode.swift; path = Optional.swift; sourceTree = "<group>"; };
/* End PBXFileReference section */

/* Begin PBXFrameworksBuildPhase section */
		CA0923F41BB6291900C9EC88 /* Frameworks */ = {
			isa = PBXFrameworksBuildPhase;
			buildActionMask = 2147483647;
			files = (
			);
			runOnlyForDeploymentPostprocessing = 0;
		};
		CA0923FF1BB6291900C9EC88 /* Frameworks */ = {
			isa = PBXFrameworksBuildPhase;
			buildActionMask = 2147483647;
			files = (
				CA0924031BB6291900C9EC88 /* Prelude.framework in Frameworks */,
			);
			runOnlyForDeploymentPostprocessing = 0;
		};
/* End PBXFrameworksBuildPhase section */

/* Begin PBXGroup section */
		CA0923EE1BB6291800C9EC88 = {
			isa = PBXGroup;
			children = (
				CA0923FA1BB6291900C9EC88 /* Prelude */,
				CA0924061BB6291900C9EC88 /* PreludeTests */,
				CA0923F91BB6291900C9EC88 /* Products */,
			);
			sourceTree = "<group>";
		};
		CA0923F91BB6291900C9EC88 /* Products */ = {
			isa = PBXGroup;
			children = (
				CA0923F81BB6291900C9EC88 /* Prelude.framework */,
				CA0924021BB6291900C9EC88 /* PreludeTests.xctest */,
			);
			name = Products;
			sourceTree = "<group>";
		};
		CA0923FA1BB6291900C9EC88 /* Prelude */ = {
			isa = PBXGroup;
			children = (
				CA0923FB1BB6291900C9EC88 /* Prelude.h */,
				CA0923FD1BB6291900C9EC88 /* Info.plist */,
				CAC0795C1BBDBF8F00AFDBF0 /* Array.swift */,
				A7B60BE81BFBF44000B7B7ED /* Dictionary.swift */,
				A75EFFE31C0E7BF40002C7D2 /* Empty.swift */,
				CA0924361BB629BC00C9EC88 /* Function.swift */,
				A7EFE1511C28B46900F4CFEB /* NumericType.swift */,
				CAC0795E1BBDC00200AFDBF0 /* Optional.swift */,
				CA3DFCD21BDFFB8000D30C27 /* Tuple.swift */,
				A75EFFE11C0E7B8E0002C7D2 /* Unit.swift */,
				A7EFE1531C28B53D00F4CFEB /* VectorType.swift */,
			);
			path = Prelude;
			sourceTree = "<group>";
		};
		CA0924061BB6291900C9EC88 /* PreludeTests */ = {
			isa = PBXGroup;
			children = (
				CA0924091BB6291900C9EC88 /* Info.plist */,
				A7C510851C273D4700C59136 /* ArrayTest.swift */,
				A7C510871C273FA600C59136 /* DictionaryTest.swift */,
				CA0924071BB6291900C9EC88 /* FunctionTest.swift */,
				A753B5601C2EEA1400FDB616 /* OptionalTests.swift */,
				A753B55E1C2EE86700FDB616 /* TupleTests.swift */,
				A753B55C1C2EE80B00FDB616 /* UnitTests.swift */,
				A76DDD521C29AEF60073B888 /* VectorTypeTest.swift */,
			);
			path = PreludeTests;
			sourceTree = "<group>";
		};
/* End PBXGroup section */

/* Begin PBXHeadersBuildPhase section */
		CA0923F51BB6291900C9EC88 /* Headers */ = {
			isa = PBXHeadersBuildPhase;
			buildActionMask = 2147483647;
			files = (
				CA0923FC1BB6291900C9EC88 /* Prelude.h in Headers */,
			);
			runOnlyForDeploymentPostprocessing = 0;
		};
/* End PBXHeadersBuildPhase section */

/* Begin PBXNativeTarget section */
		CA0923F71BB6291900C9EC88 /* Prelude */ = {
			isa = PBXNativeTarget;
			buildConfigurationList = CA09240C1BB6291900C9EC88 /* Build configuration list for PBXNativeTarget "Prelude" */;
			buildPhases = (
				CA0923F31BB6291900C9EC88 /* Sources */,
				CA0923F41BB6291900C9EC88 /* Frameworks */,
				CA0923F51BB6291900C9EC88 /* Headers */,
				CA0923F61BB6291900C9EC88 /* Resources */,
			);
			buildRules = (
			);
			dependencies = (
			);
			name = Prelude;
			productName = Prelude;
			productReference = CA0923F81BB6291900C9EC88 /* Prelude.framework */;
			productType = "com.apple.product-type.framework";
		};
		CA0924011BB6291900C9EC88 /* PreludeTests */ = {
			isa = PBXNativeTarget;
			buildConfigurationList = CA09240F1BB6291900C9EC88 /* Build configuration list for PBXNativeTarget "PreludeTests" */;
			buildPhases = (
				CA0923FE1BB6291900C9EC88 /* Sources */,
				CA0923FF1BB6291900C9EC88 /* Frameworks */,
				CA0924001BB6291900C9EC88 /* Resources */,
			);
			buildRules = (
			);
			dependencies = (
				CA0924051BB6291900C9EC88 /* PBXTargetDependency */,
			);
			name = PreludeTests;
			productName = PreludeTests;
			productReference = CA0924021BB6291900C9EC88 /* PreludeTests.xctest */;
			productType = "com.apple.product-type.bundle.unit-test";
		};
/* End PBXNativeTarget section */

/* Begin PBXProject section */
		CA0923EF1BB6291800C9EC88 /* Project object */ = {
			isa = PBXProject;
			attributes = {
				LastSwiftUpdateCheck = 0710;
				LastUpgradeCheck = 0710;
				ORGANIZATIONNAME = Kickstarter;
				TargetAttributes = {
					CA0923F71BB6291900C9EC88 = {
						CreatedOnToolsVersion = 7.1;
					};
					CA0924011BB6291900C9EC88 = {
						CreatedOnToolsVersion = 7.1;
					};
				};
			};
			buildConfigurationList = CA0923F21BB6291800C9EC88 /* Build configuration list for PBXProject "Prelude" */;
			compatibilityVersion = "Xcode 3.2";
			developmentRegion = English;
			hasScannedForEncodings = 0;
			knownRegions = (
				en,
			);
			mainGroup = CA0923EE1BB6291800C9EC88;
			productRefGroup = CA0923F91BB6291900C9EC88 /* Products */;
			projectDirPath = "";
			projectRoot = "";
			targets = (
				CA0923F71BB6291900C9EC88 /* Prelude */,
				CA0924011BB6291900C9EC88 /* PreludeTests */,
			);
		};
/* End PBXProject section */

/* Begin PBXResourcesBuildPhase section */
		CA0923F61BB6291900C9EC88 /* Resources */ = {
			isa = PBXResourcesBuildPhase;
			buildActionMask = 2147483647;
			files = (
			);
			runOnlyForDeploymentPostprocessing = 0;
		};
		CA0924001BB6291900C9EC88 /* Resources */ = {
			isa = PBXResourcesBuildPhase;
			buildActionMask = 2147483647;
			files = (
			);
			runOnlyForDeploymentPostprocessing = 0;
		};
/* End PBXResourcesBuildPhase section */

/* Begin PBXSourcesBuildPhase section */
		CA0923F31BB6291900C9EC88 /* Sources */ = {
			isa = PBXSourcesBuildPhase;
			buildActionMask = 2147483647;
			files = (
				CAC0795D1BBDBF8F00AFDBF0 /* Array.swift in Sources */,
				CA0924371BB629BC00C9EC88 /* Function.swift in Sources */,
				A7EFE1541C28B53D00F4CFEB /* VectorType.swift in Sources */,
				A75EFFE21C0E7B8E0002C7D2 /* Unit.swift in Sources */,
				CAC0795F1BBDC00200AFDBF0 /* Optional.swift in Sources */,
				A75EFFE41C0E7BF40002C7D2 /* Empty.swift in Sources */,
				CA3DFCD31BDFFB8000D30C27 /* Tuple.swift in Sources */,
				A7EFE1521C28B46900F4CFEB /* NumericType.swift in Sources */,
				A7B60BE91BFBF44000B7B7ED /* Dictionary.swift in Sources */,
			);
			runOnlyForDeploymentPostprocessing = 0;
		};
		CA0923FE1BB6291900C9EC88 /* Sources */ = {
			isa = PBXSourcesBuildPhase;
			buildActionMask = 2147483647;
			files = (
				A753B55F1C2EE86700FDB616 /* TupleTests.swift in Sources */,
				A76DDD531C29AEF60073B888 /* VectorTypeTest.swift in Sources */,
				CA0924081BB6291900C9EC88 /* FunctionTest.swift in Sources */,
				A7C510881C273FA600C59136 /* DictionaryTest.swift in Sources */,
				A753B55D1C2EE80B00FDB616 /* UnitTests.swift in Sources */,
				A753B5611C2EEA1400FDB616 /* OptionalTests.swift in Sources */,
				A7C510861C273D4700C59136 /* ArrayTest.swift in Sources */,
			);
			runOnlyForDeploymentPostprocessing = 0;
		};
/* End PBXSourcesBuildPhase section */

/* Begin PBXTargetDependency section */
		CA0924051BB6291900C9EC88 /* PBXTargetDependency */ = {
			isa = PBXTargetDependency;
			target = CA0923F71BB6291900C9EC88 /* Prelude */;
			targetProxy = CA0924041BB6291900C9EC88 /* PBXContainerItemProxy */;
		};
/* End PBXTargetDependency section */

/* Begin XCBuildConfiguration section */
		CA09240A1BB6291900C9EC88 /* Debug */ = {
			isa = XCBuildConfiguration;
			buildSettings = {
				ALWAYS_SEARCH_USER_PATHS = NO;
				CLANG_CXX_LANGUAGE_STANDARD = "gnu++0x";
				CLANG_CXX_LIBRARY = "libc++";
				CLANG_ENABLE_MODULES = YES;
				CLANG_ENABLE_OBJC_ARC = YES;
				CLANG_WARN_BOOL_CONVERSION = YES;
				CLANG_WARN_CONSTANT_CONVERSION = YES;
				CLANG_WARN_DIRECT_OBJC_ISA_USAGE = YES_ERROR;
				CLANG_WARN_EMPTY_BODY = YES;
				CLANG_WARN_ENUM_CONVERSION = YES;
				CLANG_WARN_INT_CONVERSION = YES;
				CLANG_WARN_OBJC_ROOT_CLASS = YES_ERROR;
				CLANG_WARN_UNREACHABLE_CODE = YES;
				CLANG_WARN__DUPLICATE_METHOD_MATCH = YES;
				COPY_PHASE_STRIP = NO;
				CURRENT_PROJECT_VERSION = 1;
				DEBUG_INFORMATION_FORMAT = dwarf;
				ENABLE_BITCODE = YES;
				ENABLE_STRICT_OBJC_MSGSEND = YES;
				ENABLE_TESTABILITY = YES;
				GCC_C_LANGUAGE_STANDARD = gnu99;
				GCC_DYNAMIC_NO_PIC = NO;
				GCC_NO_COMMON_BLOCKS = YES;
				GCC_OPTIMIZATION_LEVEL = 0;
				GCC_PREPROCESSOR_DEFINITIONS = (
					"DEBUG=1",
					"$(inherited)",
				);
				GCC_WARN_64_TO_32_BIT_CONVERSION = YES;
				GCC_WARN_ABOUT_RETURN_TYPE = YES_ERROR;
				GCC_WARN_UNDECLARED_SELECTOR = YES;
				GCC_WARN_UNINITIALIZED_AUTOS = YES_AGGRESSIVE;
				GCC_WARN_UNUSED_FUNCTION = YES;
				GCC_WARN_UNUSED_VARIABLE = YES;
				MTL_ENABLE_DEBUG_INFO = YES;
				ONLY_ACTIVE_ARCH = YES;
				OTHER_SWIFT_FLAGS = "-Xfrontend -debug-time-function-bodies";
				SDKROOT = appletvos;
				STRIP_BITCODE_FROM_COPIED_FILES = NO;
				SWIFT_OPTIMIZATION_LEVEL = "-Onone";
				TARGETED_DEVICE_FAMILY = 3;
				TVOS_DEPLOYMENT_TARGET = 9.1;
				VERSIONING_SYSTEM = "apple-generic";
				VERSION_INFO_PREFIX = "";
			};
			name = Debug;
		};
		CA09240B1BB6291900C9EC88 /* Release */ = {
			isa = XCBuildConfiguration;
			buildSettings = {
				ALWAYS_SEARCH_USER_PATHS = NO;
				CLANG_CXX_LANGUAGE_STANDARD = "gnu++0x";
				CLANG_CXX_LIBRARY = "libc++";
				CLANG_ENABLE_MODULES = YES;
				CLANG_ENABLE_OBJC_ARC = YES;
				CLANG_WARN_BOOL_CONVERSION = YES;
				CLANG_WARN_CONSTANT_CONVERSION = YES;
				CLANG_WARN_DIRECT_OBJC_ISA_USAGE = YES_ERROR;
				CLANG_WARN_EMPTY_BODY = YES;
				CLANG_WARN_ENUM_CONVERSION = YES;
				CLANG_WARN_INT_CONVERSION = YES;
				CLANG_WARN_OBJC_ROOT_CLASS = YES_ERROR;
				CLANG_WARN_UNREACHABLE_CODE = YES;
				CLANG_WARN__DUPLICATE_METHOD_MATCH = YES;
				COPY_PHASE_STRIP = NO;
				CURRENT_PROJECT_VERSION = 1;
				DEBUG_INFORMATION_FORMAT = "dwarf-with-dsym";
				ENABLE_BITCODE = YES;
				ENABLE_NS_ASSERTIONS = NO;
				ENABLE_STRICT_OBJC_MSGSEND = YES;
				GCC_C_LANGUAGE_STANDARD = gnu99;
				GCC_NO_COMMON_BLOCKS = YES;
				GCC_WARN_64_TO_32_BIT_CONVERSION = YES;
				GCC_WARN_ABOUT_RETURN_TYPE = YES_ERROR;
				GCC_WARN_UNDECLARED_SELECTOR = YES;
				GCC_WARN_UNINITIALIZED_AUTOS = YES_AGGRESSIVE;
				GCC_WARN_UNUSED_FUNCTION = YES;
				GCC_WARN_UNUSED_VARIABLE = YES;
				MTL_ENABLE_DEBUG_INFO = NO;
				OTHER_SWIFT_FLAGS = "-Xfrontend -debug-time-function-bodies";
				SDKROOT = appletvos;
				STRIP_BITCODE_FROM_COPIED_FILES = NO;
				TARGETED_DEVICE_FAMILY = 3;
				TVOS_DEPLOYMENT_TARGET = 9.1;
				VALIDATE_PRODUCT = YES;
				VERSIONING_SYSTEM = "apple-generic";
				VERSION_INFO_PREFIX = "";
			};
			name = Release;
		};
		CA09240D1BB6291900C9EC88 /* Debug */ = {
			isa = XCBuildConfiguration;
			buildSettings = {
				CLANG_ENABLE_MODULES = YES;
				DEFINES_MODULE = YES;
				DYLIB_COMPATIBILITY_VERSION = 1;
				DYLIB_CURRENT_VERSION = 1;
				DYLIB_INSTALL_NAME_BASE = "@rpath";
				EMBEDDED_CONTENT_CONTAINS_SWIFT = YES;
				INFOPLIST_FILE = Prelude/Info.plist;
				LD_RUNPATH_SEARCH_PATHS = "$(inherited) @executable_path/Frameworks @loader_path/Frameworks";
				PRODUCT_BUNDLE_IDENTIFIER = com.kickstarter.Prelude;
				PRODUCT_NAME = "$(TARGET_NAME)";
				SKIP_INSTALL = YES;
				SWIFT_OPTIMIZATION_LEVEL = "-Onone";
			};
			name = Debug;
		};
		CA09240E1BB6291900C9EC88 /* Release */ = {
			isa = XCBuildConfiguration;
			buildSettings = {
				CLANG_ENABLE_MODULES = YES;
				DEFINES_MODULE = YES;
				DYLIB_COMPATIBILITY_VERSION = 1;
				DYLIB_CURRENT_VERSION = 1;
				DYLIB_INSTALL_NAME_BASE = "@rpath";
				EMBEDDED_CONTENT_CONTAINS_SWIFT = YES;
				INFOPLIST_FILE = Prelude/Info.plist;
				LD_RUNPATH_SEARCH_PATHS = "$(inherited) @executable_path/Frameworks @loader_path/Frameworks";
				PRODUCT_BUNDLE_IDENTIFIER = com.kickstarter.Prelude;
				PRODUCT_NAME = "$(TARGET_NAME)";
				SKIP_INSTALL = YES;
			};
			name = Release;
		};
		CA0924101BB6291900C9EC88 /* Debug */ = {
			isa = XCBuildConfiguration;
			buildSettings = {
				INFOPLIST_FILE = PreludeTests/Info.plist;
				LD_RUNPATH_SEARCH_PATHS = "$(inherited) @executable_path/Frameworks @loader_path/Frameworks";
				PRODUCT_BUNDLE_IDENTIFIER = com.kickstarter.PreludeTests;
				PRODUCT_NAME = "$(TARGET_NAME)";
			};
			name = Debug;
		};
		CA0924111BB6291900C9EC88 /* Release */ = {
			isa = XCBuildConfiguration;
			buildSettings = {
				INFOPLIST_FILE = PreludeTests/Info.plist;
				LD_RUNPATH_SEARCH_PATHS = "$(inherited) @executable_path/Frameworks @loader_path/Frameworks";
				PRODUCT_BUNDLE_IDENTIFIER = com.kickstarter.PreludeTests;
				PRODUCT_NAME = "$(TARGET_NAME)";
			};
			name = Release;
		};
		CA09242D1BB6297000C9EC88 /* Alpha */ = {
			isa = XCBuildConfiguration;
			buildSettings = {
				ALWAYS_SEARCH_USER_PATHS = NO;
				CLANG_CXX_LANGUAGE_STANDARD = "gnu++0x";
				CLANG_CXX_LIBRARY = "libc++";
				CLANG_ENABLE_MODULES = YES;
				CLANG_ENABLE_OBJC_ARC = YES;
				CLANG_WARN_BOOL_CONVERSION = YES;
				CLANG_WARN_CONSTANT_CONVERSION = YES;
				CLANG_WARN_DIRECT_OBJC_ISA_USAGE = YES_ERROR;
				CLANG_WARN_EMPTY_BODY = YES;
				CLANG_WARN_ENUM_CONVERSION = YES;
				CLANG_WARN_INT_CONVERSION = YES;
				CLANG_WARN_OBJC_ROOT_CLASS = YES_ERROR;
				CLANG_WARN_UNREACHABLE_CODE = YES;
				CLANG_WARN__DUPLICATE_METHOD_MATCH = YES;
				COPY_PHASE_STRIP = NO;
				CURRENT_PROJECT_VERSION = 1;
				DEBUG_INFORMATION_FORMAT = dwarf;
				ENABLE_BITCODE = YES;
				ENABLE_STRICT_OBJC_MSGSEND = YES;
				ENABLE_TESTABILITY = YES;
				GCC_C_LANGUAGE_STANDARD = gnu99;
				GCC_DYNAMIC_NO_PIC = NO;
				GCC_NO_COMMON_BLOCKS = YES;
				GCC_OPTIMIZATION_LEVEL = 0;
				GCC_PREPROCESSOR_DEFINITIONS = (
					"DEBUG=1",
					"$(inherited)",
				);
				GCC_WARN_64_TO_32_BIT_CONVERSION = YES;
				GCC_WARN_ABOUT_RETURN_TYPE = YES_ERROR;
				GCC_WARN_UNDECLARED_SELECTOR = YES;
				GCC_WARN_UNINITIALIZED_AUTOS = YES_AGGRESSIVE;
				GCC_WARN_UNUSED_FUNCTION = YES;
				GCC_WARN_UNUSED_VARIABLE = YES;
				MTL_ENABLE_DEBUG_INFO = YES;
				ONLY_ACTIVE_ARCH = YES;
				OTHER_SWIFT_FLAGS = "-Xfrontend -debug-time-function-bodies";
				SDKROOT = appletvos;
				STRIP_BITCODE_FROM_COPIED_FILES = NO;
				SWIFT_OPTIMIZATION_LEVEL = "-Onone";
				TARGETED_DEVICE_FAMILY = 3;
				TVOS_DEPLOYMENT_TARGET = 9.1;
				VERSIONING_SYSTEM = "apple-generic";
				VERSION_INFO_PREFIX = "";
			};
			name = Alpha;
		};
		CA09242E1BB6297000C9EC88 /* Alpha */ = {
			isa = XCBuildConfiguration;
			buildSettings = {
				CLANG_ENABLE_MODULES = YES;
				DEFINES_MODULE = YES;
				DYLIB_COMPATIBILITY_VERSION = 1;
				DYLIB_CURRENT_VERSION = 1;
				DYLIB_INSTALL_NAME_BASE = "@rpath";
				EMBEDDED_CONTENT_CONTAINS_SWIFT = YES;
				INFOPLIST_FILE = Prelude/Info.plist;
				LD_RUNPATH_SEARCH_PATHS = "$(inherited) @executable_path/Frameworks @loader_path/Frameworks";
				PRODUCT_BUNDLE_IDENTIFIER = com.kickstarter.Prelude;
				PRODUCT_NAME = "$(TARGET_NAME)";
				SKIP_INSTALL = YES;
				SWIFT_OPTIMIZATION_LEVEL = "-Onone";
			};
			name = Alpha;
		};
		CA09242F1BB6297000C9EC88 /* Alpha */ = {
			isa = XCBuildConfiguration;
			buildSettings = {
				INFOPLIST_FILE = PreludeTests/Info.plist;
				LD_RUNPATH_SEARCH_PATHS = "$(inherited) @executable_path/Frameworks @loader_path/Frameworks";
				PRODUCT_BUNDLE_IDENTIFIER = com.kickstarter.PreludeTests;
				PRODUCT_NAME = "$(TARGET_NAME)";
			};
			name = Alpha;
		};
		CA0924301BB6297600C9EC88 /* Beta */ = {
			isa = XCBuildConfiguration;
			buildSettings = {
				ALWAYS_SEARCH_USER_PATHS = NO;
				CLANG_CXX_LANGUAGE_STANDARD = "gnu++0x";
				CLANG_CXX_LIBRARY = "libc++";
				CLANG_ENABLE_MODULES = YES;
				CLANG_ENABLE_OBJC_ARC = YES;
				CLANG_WARN_BOOL_CONVERSION = YES;
				CLANG_WARN_CONSTANT_CONVERSION = YES;
				CLANG_WARN_DIRECT_OBJC_ISA_USAGE = YES_ERROR;
				CLANG_WARN_EMPTY_BODY = YES;
				CLANG_WARN_ENUM_CONVERSION = YES;
				CLANG_WARN_INT_CONVERSION = YES;
				CLANG_WARN_OBJC_ROOT_CLASS = YES_ERROR;
				CLANG_WARN_UNREACHABLE_CODE = YES;
				CLANG_WARN__DUPLICATE_METHOD_MATCH = YES;
				COPY_PHASE_STRIP = NO;
				CURRENT_PROJECT_VERSION = 1;
				DEBUG_INFORMATION_FORMAT = dwarf;
				ENABLE_BITCODE = YES;
				ENABLE_STRICT_OBJC_MSGSEND = YES;
				ENABLE_TESTABILITY = YES;
				GCC_C_LANGUAGE_STANDARD = gnu99;
				GCC_DYNAMIC_NO_PIC = NO;
				GCC_NO_COMMON_BLOCKS = YES;
				GCC_OPTIMIZATION_LEVEL = 0;
				GCC_PREPROCESSOR_DEFINITIONS = (
					"DEBUG=1",
					"$(inherited)",
				);
				GCC_WARN_64_TO_32_BIT_CONVERSION = YES;
				GCC_WARN_ABOUT_RETURN_TYPE = YES_ERROR;
				GCC_WARN_UNDECLARED_SELECTOR = YES;
				GCC_WARN_UNINITIALIZED_AUTOS = YES_AGGRESSIVE;
				GCC_WARN_UNUSED_FUNCTION = YES;
				GCC_WARN_UNUSED_VARIABLE = YES;
				MTL_ENABLE_DEBUG_INFO = YES;
				ONLY_ACTIVE_ARCH = YES;
				OTHER_SWIFT_FLAGS = "-Xfrontend -debug-time-function-bodies";
				SDKROOT = appletvos;
				STRIP_BITCODE_FROM_COPIED_FILES = NO;
				SWIFT_OPTIMIZATION_LEVEL = "-Onone";
				TARGETED_DEVICE_FAMILY = 3;
				TVOS_DEPLOYMENT_TARGET = 9.1;
				VERSIONING_SYSTEM = "apple-generic";
				VERSION_INFO_PREFIX = "";
			};
			name = Beta;
		};
		CA0924311BB6297600C9EC88 /* Beta */ = {
			isa = XCBuildConfiguration;
			buildSettings = {
				CLANG_ENABLE_MODULES = YES;
				DEFINES_MODULE = YES;
				DYLIB_COMPATIBILITY_VERSION = 1;
				DYLIB_CURRENT_VERSION = 1;
				DYLIB_INSTALL_NAME_BASE = "@rpath";
				EMBEDDED_CONTENT_CONTAINS_SWIFT = YES;
				INFOPLIST_FILE = Prelude/Info.plist;
				LD_RUNPATH_SEARCH_PATHS = "$(inherited) @executable_path/Frameworks @loader_path/Frameworks";
				PRODUCT_BUNDLE_IDENTIFIER = com.kickstarter.Prelude;
				PRODUCT_NAME = "$(TARGET_NAME)";
				SKIP_INSTALL = YES;
				SWIFT_OPTIMIZATION_LEVEL = "-Onone";
			};
			name = Beta;
		};
		CA0924321BB6297600C9EC88 /* Beta */ = {
			isa = XCBuildConfiguration;
			buildSettings = {
				INFOPLIST_FILE = PreludeTests/Info.plist;
				LD_RUNPATH_SEARCH_PATHS = "$(inherited) @executable_path/Frameworks @loader_path/Frameworks";
				PRODUCT_BUNDLE_IDENTIFIER = com.kickstarter.PreludeTests;
				PRODUCT_NAME = "$(TARGET_NAME)";
			};
			name = Beta;
		};
		CA0924331BB6297A00C9EC88 /* Development */ = {
			isa = XCBuildConfiguration;
			buildSettings = {
				ALWAYS_SEARCH_USER_PATHS = NO;
				CLANG_CXX_LANGUAGE_STANDARD = "gnu++0x";
				CLANG_CXX_LIBRARY = "libc++";
				CLANG_ENABLE_MODULES = YES;
				CLANG_ENABLE_OBJC_ARC = YES;
				CLANG_WARN_BOOL_CONVERSION = YES;
				CLANG_WARN_CONSTANT_CONVERSION = YES;
				CLANG_WARN_DIRECT_OBJC_ISA_USAGE = YES_ERROR;
				CLANG_WARN_EMPTY_BODY = YES;
				CLANG_WARN_ENUM_CONVERSION = YES;
				CLANG_WARN_INT_CONVERSION = YES;
				CLANG_WARN_OBJC_ROOT_CLASS = YES_ERROR;
				CLANG_WARN_UNREACHABLE_CODE = YES;
				CLANG_WARN__DUPLICATE_METHOD_MATCH = YES;
				COPY_PHASE_STRIP = NO;
				CURRENT_PROJECT_VERSION = 1;
				DEBUG_INFORMATION_FORMAT = dwarf;
				ENABLE_BITCODE = YES;
				ENABLE_STRICT_OBJC_MSGSEND = YES;
				ENABLE_TESTABILITY = YES;
				GCC_C_LANGUAGE_STANDARD = gnu99;
				GCC_DYNAMIC_NO_PIC = NO;
				GCC_NO_COMMON_BLOCKS = YES;
				GCC_OPTIMIZATION_LEVEL = 0;
				GCC_PREPROCESSOR_DEFINITIONS = (
					"DEBUG=1",
					"$(inherited)",
				);
				GCC_WARN_64_TO_32_BIT_CONVERSION = YES;
				GCC_WARN_ABOUT_RETURN_TYPE = YES_ERROR;
				GCC_WARN_UNDECLARED_SELECTOR = YES;
				GCC_WARN_UNINITIALIZED_AUTOS = YES_AGGRESSIVE;
				GCC_WARN_UNUSED_FUNCTION = YES;
				GCC_WARN_UNUSED_VARIABLE = YES;
				MTL_ENABLE_DEBUG_INFO = YES;
				ONLY_ACTIVE_ARCH = YES;
				OTHER_SWIFT_FLAGS = "-Xfrontend -debug-time-function-bodies";
				SDKROOT = appletvos;
				STRIP_BITCODE_FROM_COPIED_FILES = NO;
				SWIFT_OPTIMIZATION_LEVEL = "-Onone";
				TARGETED_DEVICE_FAMILY = 3;
				TVOS_DEPLOYMENT_TARGET = 9.1;
				VERSIONING_SYSTEM = "apple-generic";
				VERSION_INFO_PREFIX = "";
			};
			name = Development;
		};
		CA0924341BB6297A00C9EC88 /* Development */ = {
			isa = XCBuildConfiguration;
			buildSettings = {
				CLANG_ENABLE_MODULES = YES;
				DEFINES_MODULE = YES;
				DYLIB_COMPATIBILITY_VERSION = 1;
				DYLIB_CURRENT_VERSION = 1;
				DYLIB_INSTALL_NAME_BASE = "@rpath";
				EMBEDDED_CONTENT_CONTAINS_SWIFT = YES;
				INFOPLIST_FILE = Prelude/Info.plist;
				LD_RUNPATH_SEARCH_PATHS = "$(inherited) @executable_path/Frameworks @loader_path/Frameworks";
				PRODUCT_BUNDLE_IDENTIFIER = com.kickstarter.Prelude;
				PRODUCT_NAME = "$(TARGET_NAME)";
				SKIP_INSTALL = YES;
				SWIFT_OPTIMIZATION_LEVEL = "-Onone";
			};
			name = Development;
		};
		CA0924351BB6297A00C9EC88 /* Development */ = {
			isa = XCBuildConfiguration;
			buildSettings = {
				INFOPLIST_FILE = PreludeTests/Info.plist;
				LD_RUNPATH_SEARCH_PATHS = "$(inherited) @executable_path/Frameworks @loader_path/Frameworks";
				PRODUCT_BUNDLE_IDENTIFIER = com.kickstarter.PreludeTests;
				PRODUCT_NAME = "$(TARGET_NAME)";
			};
			name = Development;
		};
/* End XCBuildConfiguration section */

/* Begin XCConfigurationList section */
		CA0923F21BB6291800C9EC88 /* Build configuration list for PBXProject "Prelude" */ = {
			isa = XCConfigurationList;
			buildConfigurations = (
				CA09240A1BB6291900C9EC88 /* Debug */,
				CA0924331BB6297A00C9EC88 /* Development */,
				CA0924301BB6297600C9EC88 /* Beta */,
				CA09242D1BB6297000C9EC88 /* Alpha */,
				CA09240B1BB6291900C9EC88 /* Release */,
			);
			defaultConfigurationIsVisible = 0;
			defaultConfigurationName = Release;
		};
		CA09240C1BB6291900C9EC88 /* Build configuration list for PBXNativeTarget "Prelude" */ = {
			isa = XCConfigurationList;
			buildConfigurations = (
				CA09240D1BB6291900C9EC88 /* Debug */,
				CA0924341BB6297A00C9EC88 /* Development */,
				CA0924311BB6297600C9EC88 /* Beta */,
				CA09242E1BB6297000C9EC88 /* Alpha */,
				CA09240E1BB6291900C9EC88 /* Release */,
			);
			defaultConfigurationIsVisible = 0;
			defaultConfigurationName = Release;
		};
		CA09240F1BB6291900C9EC88 /* Build configuration list for PBXNativeTarget "PreludeTests" */ = {
			isa = XCConfigurationList;
			buildConfigurations = (
				CA0924101BB6291900C9EC88 /* Debug */,
				CA0924351BB6297A00C9EC88 /* Development */,
				CA0924321BB6297600C9EC88 /* Beta */,
				CA09242F1BB6297000C9EC88 /* Alpha */,
				CA0924111BB6291900C9EC88 /* Release */,
			);
			defaultConfigurationIsVisible = 0;
			defaultConfigurationName = Release;
		};
/* End XCConfigurationList section */
	};
	rootObject = CA0923EF1BB6291800C9EC88 /* Project object */;
}
